
Microsoft Visual Studio Solution File, Format Version 12.00
# Visual Studio 15
VisualStudioVersion = 15.0.28307.539
MinimumVisualStudioVersion = 10.0.40219.1
Project("{FAE04EC0-301F-11D3-BF4B-00C04F79EFBC}") = "TreasureHuntingProPlugin", "TreasureHuntingProPlugin\TreasureHuntingProPlugin.csproj", "{9AB5CDE5-AF6E-451D-9903-48E7498A6449}"
EndProject
Project("{FAE04EC0-301F-11D3-BF4B-00C04F79EFBC}") = "TreasureHuntingAddInn", "TreasureHuntingAddInn\TreasureHuntingAddInn.csproj", "{CE7B1FD1-2106-4588-BA7A-C25D764D6EDA}"
EndProject
Global
	GlobalSection(SolutionConfigurationPlatforms) = preSolution
		Debug|Any CPU = Debug|Any CPU
		Release|Any CPU = Release|Any CPU
	EndGlobalSection
	GlobalSection(ProjectConfigurationPlatforms) = postSolution
		{9AB5CDE5-AF6E-451D-9903-48E7498A6449}.Debug|Any CPU.ActiveCfg = Debug|Any CPU
		{9AB5CDE5-AF6E-451D-9903-48E7498A6449}.Debug|Any CPU.Build.0 = Debug|Any CPU
		{9AB5CDE5-AF6E-451D-9903-48E7498A6449}.Release|Any CPU.ActiveCfg = Release|Any CPU
		{9AB5CDE5-AF6E-451D-9903-48E7498A6449}.Release|Any CPU.Build.0 = Release|Any CPU
		{CE7B1FD1-2106-4588-BA7A-C25D764D6EDA}.Debug|Any CPU.ActiveCfg = Debug|Any CPU
		{CE7B1FD1-2106-4588-BA7A-C25D764D6EDA}.Debug|Any CPU.Build.0 = Debug|Any CPU
		{CE7B1FD1-2106-4588-BA7A-C25D764D6EDA}.Release|Any CPU.ActiveCfg = Release|Any CPU
		{CE7B1FD1-2106-4588-BA7A-C25D764D6EDA}.Release|Any CPU.Build.0 = Release|Any CPU
	EndGlobalSection
	GlobalSection(SolutionProperties) = preSolution
		HideSolutionNode = FALSE
	EndGlobalSection
	GlobalSection(ExtensibilityGlobals) = postSolution
		SolutionGuid = {6142B052-992B-47E1-BFAC-ADE2EFD6E572}
	EndGlobalSection
EndGlobal
